
Microsoft Visual Studio Solution File, Format Version 12.00
# Visual Studio Version 17
VisualStudioVersion = 17.7.33711.374
MinimumVisualStudioVersion = 10.0.40219.1
Project("{9A19103F-16F7-4668-BE54-9A1E7A4F7556}") = "Codebreaker.GameAPIs", "Codebreaker.GameAPIs.csproj", "{0839D216-5C08-4C3D-BB51-8FBFACD8E52F}"
EndProject
Project("{9A19103F-16F7-4668-BE54-9A1E7A4F7556}") = "Codebreaker.GameAPIs.Models", "..\Codebreaker.GameAPIs.Models\Codebreaker.GameAPIs.Models.csproj", "{8FE60605-5446-4E8A-B6C6-6C7541AF4DCB}"
EndProject
Project("{9A19103F-16F7-4668-BE54-9A1E7A4F7556}") = "Codebreaker.GameAPIs.Data.InMemory", "..\Codebreaker.GameAPIs.Data.InMemory\Codebreaker.GameAPIs.Data.InMemory.csproj", "{944F51D5-C47C-4079-89CA-A921EE5978F3}"
EndProject
Global
	GlobalSection(SolutionConfigurationPlatforms) = preSolution
		Debug|Any CPU = Debug|Any CPU
		Release|Any CPU = Release|Any CPU
	EndGlobalSection
	GlobalSection(ProjectConfigurationPlatforms) = postSolution
		{0839D216-5C08-4C3D-BB51-8FBFACD8E52F}.Debug|Any CPU.ActiveCfg = Debug|Any CPU
		{0839D216-5C08-4C3D-BB51-8FBFACD8E52F}.Debug|Any CPU.Build.0 = Debug|Any CPU
		{0839D216-5C08-4C3D-BB51-8FBFACD8E52F}.Release|Any CPU.ActiveCfg = Release|Any CPU
		{0839D216-5C08-4C3D-BB51-8FBFACD8E52F}.Release|Any CPU.Build.0 = Release|Any CPU
		{8FE60605-5446-4E8A-B6C6-6C7541AF4DCB}.Debug|Any CPU.ActiveCfg = Debug|Any CPU
		{8FE60605-5446-4E8A-B6C6-6C7541AF4DCB}.Debug|Any CPU.Build.0 = Debug|Any CPU
		{8FE60605-5446-4E8A-B6C6-6C7541AF4DCB}.Release|Any CPU.ActiveCfg = Release|Any CPU
		{8FE60605-5446-4E8A-B6C6-6C7541AF4DCB}.Release|Any CPU.Build.0 = Release|Any CPU
		{944F51D5-C47C-4079-89CA-A921EE5978F3}.Debug|Any CPU.ActiveCfg = Debug|Any CPU
		{944F51D5-C47C-4079-89CA-A921EE5978F3}.Debug|Any CPU.Build.0 = Debug|Any CPU
		{944F51D5-C47C-4079-89CA-A921EE5978F3}.Release|Any CPU.ActiveCfg = Release|Any CPU
		{944F51D5-C47C-4079-89CA-A921EE5978F3}.Release|Any CPU.Build.0 = Release|Any CPU
	EndGlobalSection
	GlobalSection(SolutionProperties) = preSolution
		HideSolutionNode = FALSE
	EndGlobalSection
	GlobalSection(ExtensibilityGlobals) = postSolution
		SolutionGuid = {433FC4B4-73CB-4589-8BFB-2F6E3C3E0D04}
	EndGlobalSection
EndGlobal
