
Microsoft Visual Studio Solution File, Format Version 12.00
# Visual Studio Version 17
VisualStudioVersion = 17.7.33711.374
MinimumVisualStudioVersion = 10.0.40219.1
Project("{9A19103F-16F7-4668-BE54-9A1E7A4F7556}") = "GamesApiAOT", "GamesApiAOT.csproj", "{A9AE20DF-B6F5-4824-8070-15EE45B559F7}"
EndProject
Global
	GlobalSection(SolutionConfigurationPlatforms) = preSolution
		Debug|Any CPU = Debug|Any CPU
		Release|Any CPU = Release|Any CPU
	EndGlobalSection
	GlobalSection(ProjectConfigurationPlatforms) = postSolution
		{A9AE20DF-B6F5-4824-8070-15EE45B559F7}.Debug|Any CPU.ActiveCfg = Debug|Any CPU
		{A9AE20DF-B6F5-4824-8070-15EE45B559F7}.Debug|Any CPU.Build.0 = Debug|Any CPU
		{A9AE20DF-B6F5-4824-8070-15EE45B559F7}.Release|Any CPU.ActiveCfg = Release|Any CPU
		{A9AE20DF-B6F5-4824-8070-15EE45B559F7}.Release|Any CPU.Build.0 = Release|Any CPU
	EndGlobalSection
	GlobalSection(SolutionProperties) = preSolution
		HideSolutionNode = FALSE
	EndGlobalSection
	GlobalSection(ExtensibilityGlobals) = postSolution
		SolutionGuid = {1886A570-0413-480C-89B4-7BAD27E30951}
	EndGlobalSection
EndGlobal
